
Microsoft Visual Studio Solution File, Format Version 12.00
# Visual Studio Version 16
VisualStudioVersion = 16.0.30907.101
MinimumVisualStudioVersion = 10.0.40219.1
Project("{FAE04EC0-301F-11D3-BF4B-00C04F79EFBC}") = "WpfApp1", "WpfApp1\WpfApp1.csproj", "{66D85B01-E07C-4890-882D-304EE36FCAA2}"
EndProject
Global
	GlobalSection(SolutionConfigurationPlatforms) = preSolution
		Debug|Any CPU = Debug|Any CPU
		Release|Any CPU = Release|Any CPU
	EndGlobalSection
	GlobalSection(ProjectConfigurationPlatforms) = postSolution
		{66D85B01-E07C-4890-882D-304EE36FCAA2}.Debug|Any CPU.ActiveCfg = Debug|Any CPU
		{66D85B01-E07C-4890-882D-304EE36FCAA2}.Debug|Any CPU.Build.0 = Debug|Any CPU
		{66D85B01-E07C-4890-882D-304EE36FCAA2}.Release|Any CPU.ActiveCfg = Release|Any CPU
		{66D85B01-E07C-4890-882D-304EE36FCAA2}.Release|Any CPU.Build.0 = Release|Any CPU
	EndGlobalSection
	GlobalSection(SolutionProperties) = preSolution
		HideSolutionNode = FALSE
	EndGlobalSection
	GlobalSection(ExtensibilityGlobals) = postSolution
		SolutionGuid = {D9F5F755-8BB7-45CF-A220-C99DFA8BD3DC}
	EndGlobalSection
EndGlobal
